// !$*UTF8*$!
{
	archiveVersion = 1;
	classes = {
	};
	objectVersion = 77;
	objects = {

/* Begin PBXContainerItemProxy section */
		1EEF87332EC76D6000EDCBAA /* PBXContainerItemProxy */ = {
			isa = PBXContainerItemProxy;
			containerPortal = 1EEF871A2EC76D5E00EDCBAA /* Project object */;
			proxyType = 1;
			remoteGlobalIDString = 1EEF87212EC76D5E00EDCBAA;
			remoteInfo = IOSApp;
		};
		1EEF873D2EC76D6000EDCBAA /* PBXContainerItemProxy */ = {
			isa = PBXContainerItemProxy;
			containerPortal = 1EEF871A2EC76D5E00EDCBAA /* Project object */;
			proxyType = 1;
			remoteGlobalIDString = 1EEF87212EC76D5E00EDCBAA;
			remoteInfo = IOSApp;
		};
/* End PBXContainerItemProxy section */

/* Begin PBXFileReference section */
		1EEF87222EC76D5E00EDCBAA /* IOSApp.app */ = {isa = PBXFileReference; explicitFileType = wrapper.application; includeInIndex = 0; path = IOSApp.app; sourceTree = BUILT_PRODUCTS_DIR; };
		1EEF87322EC76D6000EDCBAA /* IOSAppTests.xctest */ = {isa = PBXFileReference; explicitFileType = wrapper.cfbundle; includeInIndex = 0; path = IOSAppTests.xctest; sourceTree = BUILT_PRODUCTS_DIR; };
		1EEF873C2EC76D6000EDCBAA /* IOSAppUITests.xctest */ = {isa = PBXFileReference; explicitFileType = wrapper.cfbundle; includeInIndex = 0; path = IOSAppUITests.xctest; sourceTree = BUILT_PRODUCTS_DIR; };
/* End PBXFileReference section */

/* Begin PBXFileSystemSynchronizedRootGroup section */
		1EEF87242EC76D5E00EDCBAA /* IOSApp */ = {
			isa = PBXFileSystemSynchronizedRootGroup;
			path = IOSApp;
			sourceTree = "<group>";
		};
		1EEF87352EC76D6000EDCBAA /* IOSAppTests */ = {
			isa = PBXFileSystemSynchronizedRootGroup;
			path = IOSAppTests;
			sourceTree = "<group>";
		};
		1EEF873F2EC76D6000EDCBAA /* IOSAppUITests */ = {
			isa = PBXFileSystemSynchronizedRootGroup;
			path = IOSAppUITests;
			sourceTree = "<group>";
		};
/* End PBXFileSystemSynchronizedRootGroup section */

/* Begin PBXFrameworksBuildPhase section */
		1EEF871F2EC76D5E00EDCBAA /* Frameworks */ = {
			isa = PBXFrameworksBuildPhase;
			buildActionMask = 2147483647;
			files = (
			);
			runOnlyForDeploymentPostprocessing = 0;
		};
		1EEF872F2EC76D6000EDCBAA /* Frameworks */ = {
			isa = PBXFrameworksBuildPhase;
			buildActionMask = 2147483647;
			files = (
			);
			runOnlyForDeploymentPostprocessing = 0;
		};
		1EEF87392EC76D6000EDCBAA /* Frameworks */ = {
			isa = PBXFrameworksBuildPhase;
			buildActionMask = 2147483647;
			files = (
			);
			runOnlyForDeploymentPostprocessing = 0;
		};
/* End PBXFrameworksBuildPhase section */

/* Begin PBXGroup section */
		1EEF87192EC76D5E00EDCBAA = {
			isa = PBXGroup;
			children = (
				1EEF87242EC76D5E00EDCBAA /* IOSApp */,
				1EEF87352EC76D6000EDCBAA /* IOSAppTests */,
				1EEF873F2EC76D6000EDCBAA /* IOSAppUITests */,
				1EEF87232EC76D5E00EDCBAA /* Products */,
			);
			sourceTree = "<group>";
		};
		1EEF87232EC76D5E00EDCBAA /* Products */ = {
			isa = PBXGroup;
			children = (
				1EEF87222EC76D5E00EDCBAA /* IOSApp.app */,
				1EEF87322EC76D6000EDCBAA /* IOSAppTests.xctest */,
				1EEF873C2EC76D6000EDCBAA /* IOSAppUITests.xctest */,
			);
			name = Products;
			sourceTree = "<group>";
		};
/* End PBXGroup section */

/* Begin PBXNativeTarget section */
		1EEF87212EC76D5E00EDCBAA /* IOSApp */ = {
			isa = PBXNativeTarget;
			buildConfigurationList = 1EEF87462EC76D6000EDCBAA /* Build configuration list for PBXNativeTarget "IOSApp" */;
			buildPhases = (
				1EEF871E2EC76D5E00EDCBAA /* Sources */,
				1EEF871F2EC76D5E00EDCBAA /* Frameworks */,
				1EEF87202EC76D5E00EDCBAA /* Resources */,
			);
			buildRules = (
			);
			dependencies = (
			);
			fileSystemSynchronizedGroups = (
				1EEF87242EC76D5E00EDCBAA /* IOSApp */,
			);
			name = IOSApp;
			packageProductDependencies = (
			);
			productName = IOSApp;
			productReference = 1EEF87222EC76D5E00EDCBAA /* IOSApp.app */;
			productType = "com.apple.product-type.application";
		};
		1EEF87312EC76D6000EDCBAA /* IOSAppTests */ = {
			isa = PBXNativeTarget;
			buildConfigurationList = 1EEF87492EC76D6000EDCBAA /* Build configuration list for PBXNativeTarget "IOSAppTests" */;
			buildPhases = (
				1EEF872E2EC76D6000EDCBAA /* Sources */,
				1EEF872F2EC76D6000EDCBAA /* Frameworks */,
				1EEF87302EC76D6000EDCBAA /* Resources */,
			);
			buildRules = (
			);
			dependencies = (
				1EEF87342EC76D6000EDCBAA /* PBXTargetDependency */,
			);
			fileSystemSynchronizedGroups = (
				1EEF87352EC76D6000EDCBAA /* IOSAppTests */,
			);
			name = IOSAppTests;
			packageProductDependencies = (
			);
			productName = IOSAppTests;
			productReference = 1EEF87322EC76D6000EDCBAA /* IOSAppTests.xctest */;
			productType = "com.apple.product-type.bundle.unit-test";
		};
		1EEF873B2EC76D6000EDCBAA /* IOSAppUITests */ = {
			isa = PBXNativeTarget;
			buildConfigurationList = 1EEF874C2EC76D6000EDCBAA /* Build configuration list for PBXNativeTarget "IOSAppUITests" */;
			buildPhases = (
				1EEF87382EC76D6000EDCBAA /* Sources */,
				1EEF87392EC76D6000EDCBAA /* Frameworks */,
				1EEF873A2EC76D6000EDCBAA /* Resources */,
			);
			buildRules = (
			);
			dependencies = (
				1EEF873E2EC76D6000EDCBAA /* PBXTargetDependency */,
			);
			fileSystemSynchronizedGroups = (
				1EEF873F2EC76D6000EDCBAA /* IOSAppUITests */,
			);
			name = IOSAppUITests;
			packageProductDependencies = (
			);
			productName = IOSAppUITests;
			productReference = 1EEF873C2EC76D6000EDCBAA /* IOSAppUITests.xctest */;
			productType = "com.apple.product-type.bundle.ui-testing";
		};
/* End PBXNativeTarget section */

/* Begin PBXProject section */
		1EEF871A2EC76D5E00EDCBAA /* Project object */ = {
			isa = PBXProject;
			attributes = {
				BuildIndependentTargetsInParallel = 1;
				LastSwiftUpdateCheck = 1620;
				LastUpgradeCheck = 1620;
				TargetAttributes = {
					1EEF87212EC76D5E00EDCBAA = {
						CreatedOnToolsVersion = 16.2;
					};
					1EEF87312EC76D6000EDCBAA = {
						CreatedOnToolsVersion = 16.2;
						TestTargetID = 1EEF87212EC76D5E00EDCBAA;
					};
					1EEF873B2EC76D6000EDCBAA = {
						CreatedOnToolsVersion = 16.2;
						TestTargetID = 1EEF87212EC76D5E00EDCBAA;
					};
				};
			};
			buildConfigurationList = 1EEF871D2EC76D5E00EDCBAA /* Build configuration list for PBXProject "IOSApp" */;
			developmentRegion = en;
			hasScannedForEncodings = 0;
			knownRegions = (
				en,
				Base,
			);
			mainGroup = 1EEF87192EC76D5E00EDCBAA;
			minimizedProjectReferenceProxies = 1;
			preferredProjectObjectVersion = 77;
			productRefGroup = 1EEF87232EC76D5E00EDCBAA /* Products */;
			projectDirPath = "";
			projectRoot = "";
			targets = (
				1EEF87212EC76D5E00EDCBAA /* IOSApp */,
				1EEF87312EC76D6000EDCBAA /* IOSAppTests */,
				1EEF873B2EC76D6000EDCBAA /* IOSAppUITests */,
			);
		};
/* End PBXProject section */

/* Begin PBXResourcesBuildPhase section */
		1EEF87202EC76D5E00EDCBAA /* Resources */ = {
			isa = PBXResourcesBuildPhase;
			buildActionMask = 2147483647;
			files = (
			);
			runOnlyForDeploymentPostprocessing = 0;
		};
		1EEF87302EC76D6000EDCBAA /* Resources */ = {
			isa = PBXResourcesBuildPhase;
			buildActionMask = 2147483647;
			files = (
			);
			runOnlyForDeploymentPostprocessing = 0;
		};
		1EEF873A2EC76D6000EDCBAA /* Resources */ = {
			isa = PBXResourcesBuildPhase;
			buildActionMask = 2147483647;
			files = (
			);
			runOnlyForDeploymentPostprocessing = 0;
		};
/* End PBXResourcesBuildPhase section */

/* Begin PBXSourcesBuildPhase section */
		1EEF871E2EC76D5E00EDCBAA /* Sources */ = {
			isa = PBXSourcesBuildPhase;
			buildActionMask = 2147483647;
			files = (
			);
			runOnlyForDeploymentPostprocessing = 0;
		};
		1EEF872E2EC76D6000EDCBAA /* Sources */ = {
			isa = PBXSourcesBuildPhase;
			buildActionMask = 2147483647;
			files = (
			);
			runOnlyForDeploymentPostprocessing = 0;
		};
		1EEF87382EC76D6000EDCBAA /* Sources */ = {
			isa = PBXSourcesBuildPhase;
			buildActionMask = 2147483647;
			files = (
			);
			runOnlyForDeploymentPostprocessing = 0;
		};
/* End PBXSourcesBuildPhase section */

/* Begin PBXTargetDependency section */
		1EEF87342EC76D6000EDCBAA /* PBXTargetDependency */ = {
			isa = PBXTargetDependency;
			target = 1EEF87212EC76D5E00EDCBAA /* IOSApp */;
			targetProxy = 1EEF87332EC76D6000EDCBAA /* PBXContainerItemProxy */;
		};
		1EEF873E2EC76D6000EDCBAA /* PBXTargetDependency */ = {
			isa = PBXTargetDependency;
			target = 1EEF87212EC76D5E00EDCBAA /* IOSApp */;
			targetProxy = 1EEF873D2EC76D6000EDCBAA /* PBXContainerItemProxy */;
		};
/* End PBXTargetDependency section */

/* Begin XCBuildConfiguration section */
		1EEF87442EC76D6000EDCBAA /* Debug */ = {
			isa = XCBuildConfiguration;
			buildSettings = {
				ALWAYS_SEARCH_USER_PATHS = NO;
				ASSETCATALOG_COMPILER_GENERATE_SWIFT_ASSET_SYMBOL_EXTENSIONS = YES;
				CLANG_ANALYZER_NONNULL = YES;
				CLANG_ANALYZER_NUMBER_OBJECT_CONVERSION = YES_AGGRESSIVE;
				CLANG_CXX_LANGUAGE_STANDARD = "gnu++20";
				CLANG_ENABLE_MODULES = YES;
				CLANG_ENABLE_OBJC_ARC = YES;
				CLANG_ENABLE_OBJC_WEAK = YES;
				CLANG_WARN_BLOCK_CAPTURE_AUTORELEASING = YES;
				CLANG_WARN_BOOL_CONVERSION = YES;
				CLANG_WARN_COMMA = YES;
				CLANG_WARN_CONSTANT_CONVERSION = YES;
				CLANG_WARN_DEPRECATED_OBJC_IMPLEMENTATIONS = YES;
				CLANG_WARN_DIRECT_OBJC_ISA_USAGE = YES_ERROR;
				CLANG_WARN_DOCUMENTATION_COMMENTS = YES;
				CLANG_WARN_EMPTY_BODY = YES;
				CLANG_WARN_ENUM_CONVERSION = YES;
				CLANG_WARN_INFINITE_RECURSION = YES;
				CLANG_WARN_INT_CONVERSION = YES;
				CLANG_WARN_NON_LITERAL_NULL_CONVERSION = YES;
				CLANG_WARN_OBJC_IMPLICIT_RETAIN_SELF = YES;
				CLANG_WARN_OBJC_LITERAL_CONVERSION = YES;
				CLANG_WARN_OBJC_ROOT_CLASS = YES_ERROR;
				CLANG_WARN_QUOTED_INCLUDE_IN_FRAMEWORK_HEADER = YES;
				CLANG_WARN_RANGE_LOOP_ANALYSIS = YES;
				CLANG_WARN_STRICT_PROTOTYPES = YES;
				CLANG_WARN_SUSPICIOUS_MOVE = YES;
				CLANG_WARN_UNGUARDED_AVAILABILITY = YES_AGGRESSIVE;
				CLANG_WARN_UNREACHABLE_CODE = YES;
				CLANG_WARN__DUPLICATE_METHOD_MATCH = YES;
				COPY_PHASE_STRIP = NO;
				DEBUG_INFORMATION_FORMAT = dwarf;
				ENABLE_STRICT_OBJC_MSGSEND = YES;
				ENABLE_TESTABILITY = YES;
				ENABLE_USER_SCRIPT_SANDBOXING = YES;
				GCC_C_LANGUAGE_STANDARD = gnu17;
				GCC_DYNAMIC_NO_PIC = NO;
				GCC_NO_COMMON_BLOCKS = YES;
				GCC_OPTIMIZATION_LEVEL = 0;
				GCC_PREPROCESSOR_DEFINITIONS = (
					"DEBUG=1",
					"$(inherited)",
				);
				GCC_WARN_64_TO_32_BIT_CONVERSION = YES;
				GCC_WARN_ABOUT_RETURN_TYPE = YES_ERROR;
				GCC_WARN_UNDECLARED_SELECTOR = YES;
				GCC_WARN_UNINITIALIZED_AUTOS = YES_AGGRESSIVE;
				GCC_WARN_UNUSED_FUNCTION = YES;
				GCC_WARN_UNUSED_VARIABLE = YES;
				IPHONEOS_DEPLOYMENT_TARGET = 18.2;
				LOCALIZATION_PREFERS_STRING_CATALOGS = YES;
				MTL_ENABLE_DEBUG_INFO = INCLUDE_SOURCE;
				MTL_FAST_MATH = YES;
				ONLY_ACTIVE_ARCH = YES;
				SDKROOT = iphoneos;
				SWIFT_ACTIVE_COMPILATION_CONDITIONS = "DEBUG $(inherited)";
				SWIFT_OPTIMIZATION_LEVEL = "-Onone";
			};
			name = Debug;
		};
		1EEF87452EC76D6000EDCBAA /* Release */ = {
			isa = XCBuildConfiguration;
			buildSettings = {
				ALWAYS_SEARCH_USER_PATHS = NO;
				ASSETCATALOG_COMPILER_GENERATE_SWIFT_ASSET_SYMBOL_EXTENSIONS = YES;
				CLANG_ANALYZER_NONNULL = YES;
				CLANG_ANALYZER_NUMBER_OBJECT_CONVERSION = YES_AGGRESSIVE;
				CLANG_CXX_LANGUAGE_STANDARD = "gnu++20";
				CLANG_ENABLE_MODULES = YES;
				CLANG_ENABLE_OBJC_ARC = YES;
				CLANG_ENABLE_OBJC_WEAK = YES;
				CLANG_WARN_BLOCK_CAPTURE_AUTORELEASING = YES;
				CLANG_WARN_BOOL_CONVERSION = YES;
				CLANG_WARN_COMMA = YES;
				CLANG_WARN_CONSTANT_CONVERSION = YES;
				CLANG_WARN_DEPRECATED_OBJC_IMPLEMENTATIONS = YES;
				CLANG_WARN_DIRECT_OBJC_ISA_USAGE = YES_ERROR;
				CLANG_WARN_DOCUMENTATION_COMMENTS = YES;
				CLANG_WARN_EMPTY_BODY = YES;
				CLANG_WARN_ENUM_CONVERSION = YES;
				CLANG_WARN_INFINITE_RECURSION = YES;
				CLANG_WARN_INT_CONVERSION = YES;
				CLANG_WARN_NON_LITERAL_NULL_CONVERSION = YES;
				CLANG_WARN_OBJC_IMPLICIT_RETAIN_SELF = YES;
				CLANG_WARN_OBJC_LITERAL_CONVERSION = YES;
				CLANG_WARN_OBJC_ROOT_CLASS = YES_ERROR;
				CLANG_WARN_QUOTED_INCLUDE_IN_FRAMEWORK_HEADER = YES;
				CLANG_WARN_RANGE_LOOP_ANALYSIS = YES;
				CLANG_WARN_STRICT_PROTOTYPES = YES;
				CLANG_WARN_SUSPICIOUS_MOVE = YES;
				CLANG_WARN_UNGUARDED_AVAILABILITY = YES_AGGRESSIVE;
				CLANG_WARN_UNREACHABLE_CODE = YES;
				CLANG_WARN__DUPLICATE_METHOD_MATCH = YES;
				COPY_PHASE_STRIP = NO;
				DEBUG_INFORMATION_FORMAT = "dwarf-with-dsym";
				ENABLE_NS_ASSERTIONS = NO;
				ENABLE_STRICT_OBJC_MSGSEND = YES;
				ENABLE_USER_SCRIPT_SANDBOXING = YES;
				GCC_C_LANGUAGE_STANDARD = gnu17;
				GCC_NO_COMMON_BLOCKS = YES;
				GCC_WARN_64_TO_32_BIT_CONVERSION = YES;
				GCC_WARN_ABOUT_RETURN_TYPE = YES_ERROR;
				GCC_WARN_UNDECLARED_SELECTOR = YES;
				GCC_WARN_UNINITIALIZED_AUTOS = YES_AGGRESSIVE;
				GCC_WARN_UNUSED_FUNCTION = YES;
				GCC_WARN_UNUSED_VARIABLE = YES;
				IPHONEOS_DEPLOYMENT_TARGET = 18.2;
				LOCALIZATION_PREFERS_STRING_CATALOGS = YES;
				MTL_ENABLE_DEBUG_INFO = NO;
				MTL_FAST_MATH = YES;
				SDKROOT = iphoneos;
				SWIFT_COMPILATION_MODE = wholemodule;
				VALIDATE_PRODUCT = YES;
			};
			name = Release;
		};
		1EEF87472EC76D6000EDCBAA /* Debug */ = {
			isa = XCBuildConfiguration;
			buildSettings = {
				ASSETCATALOG_COMPILER_APPICON_NAME = AppIcon;
				ASSETCATALOG_COMPILER_GLOBAL_ACCENT_COLOR_NAME = AccentColor;
				CODE_SIGN_STYLE = Automatic;
				CURRENT_PROJECT_VERSION = 1;
				DEVELOPMENT_ASSET_PATHS = "\"IOSApp/Preview Content\"";
				ENABLE_PREVIEWS = YES;
				GENERATE_INFOPLIST_FILE = YES;
				INFOPLIST_KEY_UIApplicationSceneManifest_Generation = YES;
				INFOPLIST_KEY_UIApplicationSupportsIndirectInputEvents = YES;
				INFOPLIST_KEY_UILaunchScreen_Generation = YES;
				INFOPLIST_KEY_UISupportedInterfaceOrientations_iPad = "UIInterfaceOrientationPortrait UIInterfaceOrientationPortraitUpsideDown UIInterfaceOrientationLandscapeLeft UIInterfaceOrientationLandscapeRight";
				INFOPLIST_KEY_UISupportedInterfaceOrientations_iPhone = "UIInterfaceOrientationPortrait UIInterfaceOrientationLandscapeLeft UIInterfaceOrientationLandscapeRight";
				LD_RUNPATH_SEARCH_PATHS = (
					"$(inherited)",
					"@executable_path/Frameworks",
				);
				MARKETING_VERSION = 1.0;
				PRODUCT_BUNDLE_IDENTIFIER = cs.vsu.ru.IOSApp;
				PRODUCT_NAME = "$(TARGET_NAME)";
				SWIFT_EMIT_LOC_STRINGS = YES;
				SWIFT_VERSION = 5.0;
				TARGETED_DEVICE_FAMILY = "1,2";
			};
			name = Debug;
		};
		1EEF87482EC76D6000EDCBAA /* Release */ = {
			isa = XCBuildConfiguration;
			buildSettings = {
				ASSETCATALOG_COMPILER_APPICON_NAME = AppIcon;
				ASSETCATALOG_COMPILER_GLOBAL_ACCENT_COLOR_NAME = AccentColor;
				CODE_SIGN_STYLE = Automatic;
				CURRENT_PROJECT_VERSION = 1;
				DEVELOPMENT_ASSET_PATHS = "\"IOSApp/Preview Content\"";
				ENABLE_PREVIEWS = YES;
				GENERATE_INFOPLIST_FILE = YES;
				INFOPLIST_KEY_UIApplicationSceneManifest_Generation = YES;
				INFOPLIST_KEY_UIApplicationSupportsIndirectInputEvents = YES;
				INFOPLIST_KEY_UILaunchScreen_Generation = YES;
				INFOPLIST_KEY_UISupportedInterfaceOrientations_iPad = "UIInterfaceOrientationPortrait UIInterfaceOrientationPortraitUpsideDown UIInterfaceOrientationLandscapeLeft UIInterfaceOrientationLandscapeRight";
				INFOPLIST_KEY_UISupportedInterfaceOrientations_iPhone = "UIInterfaceOrientationPortrait UIInterfaceOrientationLandscapeLeft UIInterfaceOrientationLandscapeRight";
				LD_RUNPATH_SEARCH_PATHS = (
					"$(inherited)",
					"@executable_path/Frameworks",
				);
				MARKETING_VERSION = 1.0;
				PRODUCT_BUNDLE_IDENTIFIER = cs.vsu.ru.IOSApp;
				PRODUCT_NAME = "$(TARGET_NAME)";
				SWIFT_EMIT_LOC_STRINGS = YES;
				SWIFT_VERSION = 5.0;
				TARGETED_DEVICE_FAMILY = "1,2";
			};
			name = Release;
		};
		1EEF874A2EC76D6000EDCBAA /* Debug */ = {
			isa = XCBuildConfiguration;
			buildSettings = {
				BUNDLE_LOADER = "$(TEST_HOST)";
				CODE_SIGN_STYLE = Automatic;
				CURRENT_PROJECT_VERSION = 1;
				GENERATE_INFOPLIST_FILE = YES;
				IPHONEOS_DEPLOYMENT_TARGET = 18.2;
				MARKETING_VERSION = 1.0;
				PRODUCT_BUNDLE_IDENTIFIER = cs.vsu.ru.IOSAppTests;
				PRODUCT_NAME = "$(TARGET_NAME)";
				SWIFT_EMIT_LOC_STRINGS = NO;
				SWIFT_VERSION = 5.0;
				TARGETED_DEVICE_FAMILY = "1,2";
				TEST_HOST = "$(BUILT_PRODUCTS_DIR)/IOSApp.app/$(BUNDLE_EXECUTABLE_FOLDER_PATH)/IOSApp";
			};
			name = Debug;
		};
		1EEF874B2EC76D6000EDCBAA /* Release */ = {
			isa = XCBuildConfiguration;
			buildSettings = {
				BUNDLE_LOADER = "$(TEST_HOST)";
				CODE_SIGN_STYLE = Automatic;
				CURRENT_PROJECT_VERSION = 1;
				GENERATE_INFOPLIST_FILE = YES;
				IPHONEOS_DEPLOYMENT_TARGET = 18.2;
				MARKETING_VERSION = 1.0;
				PRODUCT_BUNDLE_IDENTIFIER = cs.vsu.ru.IOSAppTests;
				PRODUCT_NAME = "$(TARGET_NAME)";
				SWIFT_EMIT_LOC_STRINGS = NO;
				SWIFT_VERSION = 5.0;
				TARGETED_DEVICE_FAMILY = "1,2";
				TEST_HOST = "$(BUILT_PRODUCTS_DIR)/IOSApp.app/$(BUNDLE_EXECUTABLE_FOLDER_PATH)/IOSApp";
			};
			name = Release;
		};
		1EEF874D2EC76D6000EDCBAA /* Debug */ = {
			isa = XCBuildConfiguration;
			buildSettings = {
				CODE_SIGN_STYLE = Automatic;
				CURRENT_PROJECT_VERSION = 1;
				GENERATE_INFOPLIST_FILE = YES;
				MARKETING_VERSION = 1.0;
				PRODUCT_BUNDLE_IDENTIFIER = cs.vsu.ru.IOSAppUITests;
				PRODUCT_NAME = "$(TARGET_NAME)";
				SWIFT_EMIT_LOC_STRINGS = NO;
				SWIFT_VERSION = 5.0;
				TARGETED_DEVICE_FAMILY = "1,2";
				TEST_TARGET_NAME = IOSApp;
			};
			name = Debug;
		};
		1EEF874E2EC76D6000EDCBAA /* Release */ = {
			isa = XCBuildConfiguration;
			buildSettings = {
				CODE_SIGN_STYLE = Automatic;
				CURRENT_PROJECT_VERSION = 1;
				GENERATE_INFOPLIST_FILE = YES;
				MARKETING_VERSION = 1.0;
				PRODUCT_BUNDLE_IDENTIFIER = cs.vsu.ru.IOSAppUITests;
				PRODUCT_NAME = "$(TARGET_NAME)";
				SWIFT_EMIT_LOC_STRINGS = NO;
				SWIFT_VERSION = 5.0;
				TARGETED_DEVICE_FAMILY = "1,2";
				TEST_TARGET_NAME = IOSApp;
			};
			name = Release;
		};
/* End XCBuildConfiguration section */

/* Begin XCConfigurationList section */
		1EEF871D2EC76D5E00EDCBAA /* Build configuration list for PBXProject "IOSApp" */ = {
			isa = XCConfigurationList;
			buildConfigurations = (
				1EEF87442EC76D6000EDCBAA /* Debug */,
				1EEF87452EC76D6000EDCBAA /* Release */,
			);
			defaultConfigurationIsVisible = 0;
			defaultConfigurationName = Release;
		};
		1EEF87462EC76D6000EDCBAA /* Build configuration list for PBXNativeTarget "IOSApp" */ = {
			isa = XCConfigurationList;
			buildConfigurations = (
				1EEF87472EC76D6000EDCBAA /* Debug */,
				1EEF87482EC76D6000EDCBAA /* Release */,
			);
			defaultConfigurationIsVisible = 0;
			defaultConfigurationName = Release;
		};
		1EEF87492EC76D6000EDCBAA /* Build configuration list for PBXNativeTarget "IOSAppTests" */ = {
			isa = XCConfigurationList;
			buildConfigurations = (
				1EEF874A2EC76D6000EDCBAA /* Debug */,
				1EEF874B2EC76D6000EDCBAA /* Release */,
			);
			defaultConfigurationIsVisible = 0;
			defaultConfigurationName = Release;
		};
		1EEF874C2EC76D6000EDCBAA /* Build configuration list for PBXNativeTarget "IOSAppUITests" */ = {
			isa = XCConfigurationList;
			buildConfigurations = (
				1EEF874D2EC76D6000EDCBAA /* Debug */,
				1EEF874E2EC76D6000EDCBAA /* Release */,
			);
			defaultConfigurationIsVisible = 0;
			defaultConfigurationName = Release;
		};
/* End XCConfigurationList section */
	};
	rootObject = 1EEF871A2EC76D5E00EDCBAA /* Project object */;
}
